// !$*UTF8*$!
{
	archiveVersion = 1;
	classes = {
	};
	objectVersion = 56;
	objects = {

/* Begin PBXBuildFile section */
		AF9E39312906FE6A00CA6339 /* MainCellDelegate.swift in Sources */ = {isa = PBXBuildFile; fileRef = AF9E39302906FE6A00CA6339 /* MainCellDelegate.swift */; };
		AFD3DF662906C3E4009582AE /* AppDelegate.swift in Sources */ = {isa = PBXBuildFile; fileRef = AFD3DF652906C3E4009582AE /* AppDelegate.swift */; };
		AFD3DF682906C3E4009582AE /* SceneDelegate.swift in Sources */ = {isa = PBXBuildFile; fileRef = AFD3DF672906C3E4009582AE /* SceneDelegate.swift */; };
		AFD3DF6A2906C3E4009582AE /* MainViewController.swift in Sources */ = {isa = PBXBuildFile; fileRef = AFD3DF692906C3E4009582AE /* MainViewController.swift */; };
		AFD3DF6D2906C3E4009582AE /* Main.storyboard in Resources */ = {isa = PBXBuildFile; fileRef = AFD3DF6B2906C3E4009582AE /* Main.storyboard */; };
		AFD3DF6F2906C3E5009582AE /* Assets.xcassets in Resources */ = {isa = PBXBuildFile; fileRef = AFD3DF6E2906C3E5009582AE /* Assets.xcassets */; };
		AFD3DF722906C3E5009582AE /* LaunchScreen.storyboard in Resources */ = {isa = PBXBuildFile; fileRef = AFD3DF702906C3E5009582AE /* LaunchScreen.storyboard */; };
		AFD3DF862906CDC6009582AE /* ChildrenCell.swift in Sources */ = {isa = PBXBuildFile; fileRef = AFD3DF842906CDC6009582AE /* ChildrenCell.swift */; };
		AFD3DF872906CDC6009582AE /* ChildrenCell.xib in Resources */ = {isa = PBXBuildFile; fileRef = AFD3DF852906CDC6009582AE /* ChildrenCell.xib */; };
/* End PBXBuildFile section */

/* Begin PBXFileReference section */
		AF9E39302906FE6A00CA6339 /* MainCellDelegate.swift */ = {isa = PBXFileReference; lastKnownFileType = sourcecode.swift; path = MainCellDelegate.swift; sourceTree = "<group>"; };
		AFD3DF622906C3E4009582AE /* ChildrenTestXCode.app */ = {isa = PBXFileReference; explicitFileType = wrapper.application; includeInIndex = 0; path = ChildrenTestXCode.app; sourceTree = BUILT_PRODUCTS_DIR; };
		AFD3DF652906C3E4009582AE /* AppDelegate.swift */ = {isa = PBXFileReference; lastKnownFileType = sourcecode.swift; path = AppDelegate.swift; sourceTree = "<group>"; };
		AFD3DF672906C3E4009582AE /* SceneDelegate.swift */ = {isa = PBXFileReference; lastKnownFileType = sourcecode.swift; path = SceneDelegate.swift; sourceTree = "<group>"; };
		AFD3DF692906C3E4009582AE /* MainViewController.swift */ = {isa = PBXFileReference; lastKnownFileType = sourcecode.swift; path = MainViewController.swift; sourceTree = "<group>"; };
		AFD3DF6C2906C3E4009582AE /* Base */ = {isa = PBXFileReference; lastKnownFileType = file.storyboard; name = Base; path = Base.lproj/Main.storyboard; sourceTree = "<group>"; };
		AFD3DF6E2906C3E5009582AE /* Assets.xcassets */ = {isa = PBXFileReference; lastKnownFileType = folder.assetcatalog; path = Assets.xcassets; sourceTree = "<group>"; };
		AFD3DF712906C3E5009582AE /* Base */ = {isa = PBXFileReference; lastKnownFileType = file.storyboard; name = Base; path = Base.lproj/LaunchScreen.storyboard; sourceTree = "<group>"; };
		AFD3DF732906C3E5009582AE /* Info.plist */ = {isa = PBXFileReference; lastKnownFileType = text.plist.xml; path = Info.plist; sourceTree = "<group>"; };
		AFD3DF842906CDC6009582AE /* ChildrenCell.swift */ = {isa = PBXFileReference; lastKnownFileType = sourcecode.swift; path = ChildrenCell.swift; sourceTree = "<group>"; };
		AFD3DF852906CDC6009582AE /* ChildrenCell.xib */ = {isa = PBXFileReference; lastKnownFileType = file.xib; path = ChildrenCell.xib; sourceTree = "<group>"; };
/* End PBXFileReference section */

/* Begin PBXFrameworksBuildPhase section */
		AFD3DF5F2906C3E4009582AE /* Frameworks */ = {
			isa = PBXFrameworksBuildPhase;
			buildActionMask = 2147483647;
			files = (
			);
			runOnlyForDeploymentPostprocessing = 0;
		};
/* End PBXFrameworksBuildPhase section */

/* Begin PBXGroup section */
		AF0B5C2A29072156002CD8E5 /* Extension */ = {
			isa = PBXGroup;
			children = (
				AF9E39302906FE6A00CA6339 /* MainCellDelegate.swift */,
			);
			path = Extension;
			sourceTree = "<group>";
		};
		AFD3DF592906C3E4009582AE = {
			isa = PBXGroup;
			children = (
				AFD3DF642906C3E4009582AE /* ChildrenTestXCode */,
				AFD3DF632906C3E4009582AE /* Products */,
			);
			sourceTree = "<group>";
		};
		AFD3DF632906C3E4009582AE /* Products */ = {
			isa = PBXGroup;
			children = (
				AFD3DF622906C3E4009582AE /* ChildrenTestXCode.app */,
			);
			name = Products;
			sourceTree = "<group>";
		};
		AFD3DF642906C3E4009582AE /* ChildrenTestXCode */ = {
			isa = PBXGroup;
			children = (
				AF0B5C2A29072156002CD8E5 /* Extension */,
				AFD3DF7A2906C66E009582AE /* App */,
				AFD3DF7B2906C674009582AE /* Screen */,
				AFD3DF792906C491009582AE /* Resources */,
			);
			path = ChildrenTestXCode;
			sourceTree = "<group>";
		};
		AFD3DF792906C491009582AE /* Resources */ = {
			isa = PBXGroup;
			children = (
				AFD3DF732906C3E5009582AE /* Info.plist */,
				AFD3DF6E2906C3E5009582AE /* Assets.xcassets */,
				AFD3DF702906C3E5009582AE /* LaunchScreen.storyboard */,
			);
			path = Resources;
			sourceTree = "<group>";
		};
		AFD3DF7A2906C66E009582AE /* App */ = {
			isa = PBXGroup;
			children = (
				AFD3DF652906C3E4009582AE /* AppDelegate.swift */,
				AFD3DF672906C3E4009582AE /* SceneDelegate.swift */,
			);
			path = App;
			sourceTree = "<group>";
		};
		AFD3DF7B2906C674009582AE /* Screen */ = {
			isa = PBXGroup;
			children = (
				AFD3DF7F2906CD8A009582AE /* Cell */,
				AFD3DF692906C3E4009582AE /* MainViewController.swift */,
				AFD3DF6B2906C3E4009582AE /* Main.storyboard */,
			);
			path = Screen;
			sourceTree = "<group>";
		};
		AFD3DF7F2906CD8A009582AE /* Cell */ = {
			isa = PBXGroup;
			children = (
				AFD3DF842906CDC6009582AE /* ChildrenCell.swift */,
				AFD3DF852906CDC6009582AE /* ChildrenCell.xib */,
			);
			path = Cell;
			sourceTree = "<group>";
		};
/* End PBXGroup section */

/* Begin PBXNativeTarget section */
		AFD3DF612906C3E4009582AE /* ChildrenTestXCode */ = {
			isa = PBXNativeTarget;
			buildConfigurationList = AFD3DF762906C3E5009582AE /* Build configuration list for PBXNativeTarget "ChildrenTestXCode" */;
			buildPhases = (
				AFD3DF5E2906C3E4009582AE /* Sources */,
				AFD3DF5F2906C3E4009582AE /* Frameworks */,
				AFD3DF602906C3E4009582AE /* Resources */,
			);
			buildRules = (
			);
			dependencies = (
			);
			name = ChildrenTestXCode;
			productName = ChildrenTestXCode;
			productReference = AFD3DF622906C3E4009582AE /* ChildrenTestXCode.app */;
			productType = "com.apple.product-type.application";
		};
/* End PBXNativeTarget section */

/* Begin PBXProject section */
		AFD3DF5A2906C3E4009582AE /* Project object */ = {
			isa = PBXProject;
			attributes = {
				BuildIndependentTargetsInParallel = 1;
				LastSwiftUpdateCheck = 1400;
				LastUpgradeCheck = 1400;
				TargetAttributes = {
					AFD3DF612906C3E4009582AE = {
						CreatedOnToolsVersion = 14.0.1;
					};
				};
			};
			buildConfigurationList = AFD3DF5D2906C3E4009582AE /* Build configuration list for PBXProject "ChildrenTestXCode" */;
			compatibilityVersion = "Xcode 14.0";
			developmentRegion = en;
			hasScannedForEncodings = 0;
			knownRegions = (
				en,
				Base,
			);
			mainGroup = AFD3DF592906C3E4009582AE;
			productRefGroup = AFD3DF632906C3E4009582AE /* Products */;
			projectDirPath = "";
			projectRoot = "";
			targets = (
				AFD3DF612906C3E4009582AE /* ChildrenTestXCode */,
			);
		};
/* End PBXProject section */

/* Begin PBXResourcesBuildPhase section */
		AFD3DF602906C3E4009582AE /* Resources */ = {
			isa = PBXResourcesBuildPhase;
			buildActionMask = 2147483647;
			files = (
				AFD3DF722906C3E5009582AE /* LaunchScreen.storyboard in Resources */,
				AFD3DF6F2906C3E5009582AE /* Assets.xcassets in Resources */,
				AFD3DF872906CDC6009582AE /* ChildrenCell.xib in Resources */,
				AFD3DF6D2906C3E4009582AE /* Main.storyboard in Resources */,
			);
			runOnlyForDeploymentPostprocessing = 0;
		};
/* End PBXResourcesBuildPhase section */

/* Begin PBXSourcesBuildPhase section */
		AFD3DF5E2906C3E4009582AE /* Sources */ = {
			isa = PBXSourcesBuildPhase;
			buildActionMask = 2147483647;
			files = (
				AFD3DF6A2906C3E4009582AE /* MainViewController.swift in Sources */,
				AFD3DF862906CDC6009582AE /* ChildrenCell.swift in Sources */,
				AF9E39312906FE6A00CA6339 /* MainCellDelegate.swift in Sources */,
				AFD3DF662906C3E4009582AE /* AppDelegate.swift in Sources */,
				AFD3DF682906C3E4009582AE /* SceneDelegate.swift in Sources */,
			);
			runOnlyForDeploymentPostprocessing = 0;
		};
/* End PBXSourcesBuildPhase section */

/* Begin PBXVariantGroup section */
		AFD3DF6B2906C3E4009582AE /* Main.storyboard */ = {
			isa = PBXVariantGroup;
			children = (
				AFD3DF6C2906C3E4009582AE /* Base */,
			);
			name = Main.storyboard;
			sourceTree = "<group>";
		};
		AFD3DF702906C3E5009582AE /* LaunchScreen.storyboard */ = {
			isa = PBXVariantGroup;
			children = (
				AFD3DF712906C3E5009582AE /* Base */,
			);
			name = LaunchScreen.storyboard;
			sourceTree = "<group>";
		};
/* End PBXVariantGroup section */

/* Begin XCBuildConfiguration section */
		AFD3DF742906C3E5009582AE /* Debug */ = {
			isa = XCBuildConfiguration;
			buildSettings = {
				ALWAYS_SEARCH_USER_PATHS = NO;
				CLANG_ANALYZER_NONNULL = YES;
				CLANG_ANALYZER_NUMBER_OBJECT_CONVERSION = YES_AGGRESSIVE;
				CLANG_CXX_LANGUAGE_STANDARD = "gnu++20";
				CLANG_ENABLE_MODULES = YES;
				CLANG_ENABLE_OBJC_ARC = YES;
				CLANG_ENABLE_OBJC_WEAK = YES;
				CLANG_WARN_BLOCK_CAPTURE_AUTORELEASING = YES;
				CLANG_WARN_BOOL_CONVERSION = YES;
				CLANG_WARN_COMMA = YES;
				CLANG_WARN_CONSTANT_CONVERSION = YES;
				CLANG_WARN_DEPRECATED_OBJC_IMPLEMENTATIONS = YES;
				CLANG_WARN_DIRECT_OBJC_ISA_USAGE = YES_ERROR;
				CLANG_WARN_DOCUMENTATION_COMMENTS = YES;
				CLANG_WARN_EMPTY_BODY = YES;
				CLANG_WARN_ENUM_CONVERSION = YES;
				CLANG_WARN_INFINITE_RECURSION = YES;
				CLANG_WARN_INT_CONVERSION = YES;
				CLANG_WARN_NON_LITERAL_NULL_CONVERSION = YES;
				CLANG_WARN_OBJC_IMPLICIT_RETAIN_SELF = YES;
				CLANG_WARN_OBJC_LITERAL_CONVERSION = YES;
				CLANG_WARN_OBJC_ROOT_CLASS = YES_ERROR;
				CLANG_WARN_QUOTED_INCLUDE_IN_FRAMEWORK_HEADER = YES;
				CLANG_WARN_RANGE_LOOP_ANALYSIS = YES;
				CLANG_WARN_STRICT_PROTOTYPES = YES;
				CLANG_WARN_SUSPICIOUS_MOVE = YES;
				CLANG_WARN_UNGUARDED_AVAILABILITY = YES_AGGRESSIVE;
				CLANG_WARN_UNREACHABLE_CODE = YES;
				CLANG_WARN__DUPLICATE_METHOD_MATCH = YES;
				COPY_PHASE_STRIP = NO;
				DEBUG_INFORMATION_FORMAT = dwarf;
				ENABLE_STRICT_OBJC_MSGSEND = YES;
				ENABLE_TESTABILITY = YES;
				GCC_C_LANGUAGE_STANDARD = gnu11;
				GCC_DYNAMIC_NO_PIC = NO;
				GCC_NO_COMMON_BLOCKS = YES;
				GCC_OPTIMIZATION_LEVEL = 0;
				GCC_PREPROCESSOR_DEFINITIONS = (
					"DEBUG=1",
					"$(inherited)",
				);
				GCC_WARN_64_TO_32_BIT_CONVERSION = YES;
				GCC_WARN_ABOUT_RETURN_TYPE = YES_ERROR;
				GCC_WARN_UNDECLARED_SELECTOR = YES;
				GCC_WARN_UNINITIALIZED_AUTOS = YES_AGGRESSIVE;
				GCC_WARN_UNUSED_FUNCTION = YES;
				GCC_WARN_UNUSED_VARIABLE = YES;
				INFOPLIST_FILE = /Users/nikitamosencev/Documents/GeekBrains/ChildrenTest/ChildrenTestXCode/Resources/Info.plist;
				IPHONEOS_DEPLOYMENT_TARGET = 15.0;
				MTL_ENABLE_DEBUG_INFO = INCLUDE_SOURCE;
				MTL_FAST_MATH = YES;
				ONLY_ACTIVE_ARCH = YES;
				SDKROOT = iphoneos;
				SWIFT_ACTIVE_COMPILATION_CONDITIONS = DEBUG;
				SWIFT_OPTIMIZATION_LEVEL = "-Onone";
			};
			name = Debug;
		};
		AFD3DF752906C3E5009582AE /* Release */ = {
			isa = XCBuildConfiguration;
			buildSettings = {
				ALWAYS_SEARCH_USER_PATHS = NO;
				CLANG_ANALYZER_NONNULL = YES;
				CLANG_ANALYZER_NUMBER_OBJECT_CONVERSION = YES_AGGRESSIVE;
				CLANG_CXX_LANGUAGE_STANDARD = "gnu++20";
				CLANG_ENABLE_MODULES = YES;
				CLANG_ENABLE_OBJC_ARC = YES;
				CLANG_ENABLE_OBJC_WEAK = YES;
				CLANG_WARN_BLOCK_CAPTURE_AUTORELEASING = YES;
				CLANG_WARN_BOOL_CONVERSION = YES;
				CLANG_WARN_COMMA = YES;
				CLANG_WARN_CONSTANT_CONVERSION = YES;
				CLANG_WARN_DEPRECATED_OBJC_IMPLEMENTATIONS = YES;
				CLANG_WARN_DIRECT_OBJC_ISA_USAGE = YES_ERROR;
				CLANG_WARN_DOCUMENTATION_COMMENTS = YES;
				CLANG_WARN_EMPTY_BODY = YES;
				CLANG_WARN_ENUM_CONVERSION = YES;
				CLANG_WARN_INFINITE_RECURSION = YES;
				CLANG_WARN_INT_CONVERSION = YES;
				CLANG_WARN_NON_LITERAL_NULL_CONVERSION = YES;
				CLANG_WARN_OBJC_IMPLICIT_RETAIN_SELF = YES;
				CLANG_WARN_OBJC_LITERAL_CONVERSION = YES;
				CLANG_WARN_OBJC_ROOT_CLASS = YES_ERROR;
				CLANG_WARN_QUOTED_INCLUDE_IN_FRAMEWORK_HEADER = YES;
				CLANG_WARN_RANGE_LOOP_ANALYSIS = YES;
				CLANG_WARN_STRICT_PROTOTYPES = YES;
				CLANG_WARN_SUSPICIOUS_MOVE = YES;
				CLANG_WARN_UNGUARDED_AVAILABILITY = YES_AGGRESSIVE;
				CLANG_WARN_UNREACHABLE_CODE = YES;
				CLANG_WARN__DUPLICATE_METHOD_MATCH = YES;
				COPY_PHASE_STRIP = NO;
				DEBUG_INFORMATION_FORMAT = "dwarf-with-dsym";
				ENABLE_NS_ASSERTIONS = NO;
				ENABLE_STRICT_OBJC_MSGSEND = YES;
				GCC_C_LANGUAGE_STANDARD = gnu11;
				GCC_NO_COMMON_BLOCKS = YES;
				GCC_WARN_64_TO_32_BIT_CONVERSION = YES;
				GCC_WARN_ABOUT_RETURN_TYPE = YES_ERROR;
				GCC_WARN_UNDECLARED_SELECTOR = YES;
				GCC_WARN_UNINITIALIZED_AUTOS = YES_AGGRESSIVE;
				GCC_WARN_UNUSED_FUNCTION = YES;
				GCC_WARN_UNUSED_VARIABLE = YES;
				INFOPLIST_FILE = /Users/nikitamosencev/Documents/GeekBrains/ChildrenTest/ChildrenTestXCode/Resources/Info.plist;
				IPHONEOS_DEPLOYMENT_TARGET = 15.0;
				MTL_ENABLE_DEBUG_INFO = NO;
				MTL_FAST_MATH = YES;
				SDKROOT = iphoneos;
				SWIFT_COMPILATION_MODE = wholemodule;
				SWIFT_OPTIMIZATION_LEVEL = "-O";
				VALIDATE_PRODUCT = YES;
			};
			name = Release;
		};
		AFD3DF772906C3E5009582AE /* Debug */ = {
			isa = XCBuildConfiguration;
			buildSettings = {
				ASSETCATALOG_COMPILER_APPICON_NAME = AppIcon;
				ASSETCATALOG_COMPILER_GLOBAL_ACCENT_COLOR_NAME = AccentColor;
				CODE_SIGN_STYLE = Automatic;
				CURRENT_PROJECT_VERSION = 1;
				DEVELOPMENT_TEAM = ZU4J9YA52M;
				GENERATE_INFOPLIST_FILE = YES;
				INFOPLIST_FILE = ChildrenTestXCode/Resources/Info.plist;
				INFOPLIST_KEY_UIApplicationSupportsIndirectInputEvents = YES;
				INFOPLIST_KEY_UILaunchStoryboardName = LaunchScreen;
				INFOPLIST_KEY_UIMainStoryboardFile = Main;
				INFOPLIST_KEY_UISupportedInterfaceOrientations_iPad = "UIInterfaceOrientationPortrait UIInterfaceOrientationPortraitUpsideDown UIInterfaceOrientationLandscapeLeft UIInterfaceOrientationLandscapeRight";
				INFOPLIST_KEY_UISupportedInterfaceOrientations_iPhone = "UIInterfaceOrientationPortrait UIInterfaceOrientationLandscapeLeft UIInterfaceOrientationLandscapeRight";
				LD_RUNPATH_SEARCH_PATHS = (
					"$(inherited)",
					"@executable_path/Frameworks",
				);
				MARKETING_VERSION = 1.0;
				PRODUCT_BUNDLE_IDENTIFIER = Personal.ChildrenTestXCode;
				PRODUCT_NAME = "$(TARGET_NAME)";
				SWIFT_EMIT_LOC_STRINGS = YES;
				SWIFT_VERSION = 5.0;
				TARGETED_DEVICE_FAMILY = "1,2";
			};
			name = Debug;
		};
		AFD3DF782906C3E5009582AE /* Release */ = {
			isa = XCBuildConfiguration;
			buildSettings = {
				ASSETCATALOG_COMPILER_APPICON_NAME = AppIcon;
				ASSETCATALOG_COMPILER_GLOBAL_ACCENT_COLOR_NAME = AccentColor;
				CODE_SIGN_STYLE = Automatic;
				CURRENT_PROJECT_VERSION = 1;
				DEVELOPMENT_TEAM = ZU4J9YA52M;
				GENERATE_INFOPLIST_FILE = YES;
				INFOPLIST_FILE = ChildrenTestXCode/Resources/Info.plist;
				INFOPLIST_KEY_UIApplicationSupportsIndirectInputEvents = YES;
				INFOPLIST_KEY_UILaunchStoryboardName = LaunchScreen;
				INFOPLIST_KEY_UIMainStoryboardFile = Main;
				INFOPLIST_KEY_UISupportedInterfaceOrientations_iPad = "UIInterfaceOrientationPortrait UIInterfaceOrientationPortraitUpsideDown UIInterfaceOrientationLandscapeLeft UIInterfaceOrientationLandscapeRight";
				INFOPLIST_KEY_UISupportedInterfaceOrientations_iPhone = "UIInterfaceOrientationPortrait UIInterfaceOrientationLandscapeLeft UIInterfaceOrientationLandscapeRight";
				LD_RUNPATH_SEARCH_PATHS = (
					"$(inherited)",
					"@executable_path/Frameworks",
				);
				MARKETING_VERSION = 1.0;
				PRODUCT_BUNDLE_IDENTIFIER = Personal.ChildrenTestXCode;
				PRODUCT_NAME = "$(TARGET_NAME)";
				SWIFT_EMIT_LOC_STRINGS = YES;
				SWIFT_VERSION = 5.0;
				TARGETED_DEVICE_FAMILY = "1,2";
			};
			name = Release;
		};
/* End XCBuildConfiguration section */

/* Begin XCConfigurationList section */
		AFD3DF5D2906C3E4009582AE /* Build configuration list for PBXProject "ChildrenTestXCode" */ = {
			isa = XCConfigurationList;
			buildConfigurations = (
				AFD3DF742906C3E5009582AE /* Debug */,
				AFD3DF752906C3E5009582AE /* Release */,
			);
			defaultConfigurationIsVisible = 0;
			defaultConfigurationName = Release;
		};
		AFD3DF762906C3E5009582AE /* Build configuration list for PBXNativeTarget "ChildrenTestXCode" */ = {
			isa = XCConfigurationList;
			buildConfigurations = (
				AFD3DF772906C3E5009582AE /* Debug */,
				AFD3DF782906C3E5009582AE /* Release */,
			);
			defaultConfigurationIsVisible = 0;
			defaultConfigurationName = Release;
		};
/* End XCConfigurationList section */
	};
	rootObject = AFD3DF5A2906C3E4009582AE /* Project object */;
}
